
Microsoft Visual Studio Solution File, Format Version 12.00
# Visual Studio Version 17
VisualStudioVersion = 17.7.34202.233
MinimumVisualStudioVersion = 10.0.40219.1
Project("{9A19103F-16F7-4668-BE54-9A1E7A4F7556}") = "RecipeWinForms", "RecipeWinForms\RecipeWinForms.csproj", "{47E6C37D-1512-4B5B-BD72-D9A29D0B2309}"
EndProject
Project("{9A19103F-16F7-4668-BE54-9A1E7A4F7556}") = "CPUFramework", "..\..\CPUFramework\CPUFramework.csproj", "{8AC8E5A7-1560-4512-8BB1-9C4FA0CB5894}"
EndProject
Project("{9A19103F-16F7-4668-BE54-9A1E7A4F7556}") = "RecipeSystem", "RecipeSystem\RecipeSystem.csproj", "{C8329245-6967-4BAF-92A8-DACD4BAA4B85}"
EndProject
Project("{9A19103F-16F7-4668-BE54-9A1E7A4F7556}") = "RecipeTest", "RecipeTest\RecipeTest.csproj", "{8BF25BB4-FD4E-4863-8EE0-240D83A94B67}"
EndProject
Global
	GlobalSection(SolutionConfigurationPlatforms) = preSolution
		Debug|Any CPU = Debug|Any CPU
		Release|Any CPU = Release|Any CPU
	EndGlobalSection
	GlobalSection(ProjectConfigurationPlatforms) = postSolution
		{47E6C37D-1512-4B5B-BD72-D9A29D0B2309}.Debug|Any CPU.ActiveCfg = Debug|Any CPU
		{47E6C37D-1512-4B5B-BD72-D9A29D0B2309}.Debug|Any CPU.Build.0 = Debug|Any CPU
		{47E6C37D-1512-4B5B-BD72-D9A29D0B2309}.Release|Any CPU.ActiveCfg = Release|Any CPU
		{47E6C37D-1512-4B5B-BD72-D9A29D0B2309}.Release|Any CPU.Build.0 = Release|Any CPU
		{8AC8E5A7-1560-4512-8BB1-9C4FA0CB5894}.Debug|Any CPU.ActiveCfg = Debug|Any CPU
		{8AC8E5A7-1560-4512-8BB1-9C4FA0CB5894}.Debug|Any CPU.Build.0 = Debug|Any CPU
		{8AC8E5A7-1560-4512-8BB1-9C4FA0CB5894}.Release|Any CPU.ActiveCfg = Release|Any CPU
		{8AC8E5A7-1560-4512-8BB1-9C4FA0CB5894}.Release|Any CPU.Build.0 = Release|Any CPU
		{C8329245-6967-4BAF-92A8-DACD4BAA4B85}.Debug|Any CPU.ActiveCfg = Debug|Any CPU
		{C8329245-6967-4BAF-92A8-DACD4BAA4B85}.Debug|Any CPU.Build.0 = Debug|Any CPU
		{C8329245-6967-4BAF-92A8-DACD4BAA4B85}.Release|Any CPU.ActiveCfg = Release|Any CPU
		{C8329245-6967-4BAF-92A8-DACD4BAA4B85}.Release|Any CPU.Build.0 = Release|Any CPU
		{8BF25BB4-FD4E-4863-8EE0-240D83A94B67}.Debug|Any CPU.ActiveCfg = Debug|Any CPU
		{8BF25BB4-FD4E-4863-8EE0-240D83A94B67}.Debug|Any CPU.Build.0 = Debug|Any CPU
		{8BF25BB4-FD4E-4863-8EE0-240D83A94B67}.Release|Any CPU.ActiveCfg = Release|Any CPU
		{8BF25BB4-FD4E-4863-8EE0-240D83A94B67}.Release|Any CPU.Build.0 = Release|Any CPU
	EndGlobalSection
	GlobalSection(SolutionProperties) = preSolution
		HideSolutionNode = FALSE
	EndGlobalSection
	GlobalSection(ExtensibilityGlobals) = postSolution
		SolutionGuid = {748ACD3A-D5A8-4F86-8D62-70C72EC6E361}
	EndGlobalSection
EndGlobal
